
Microsoft Visual Studio Solution File, Format Version 12.00
# Visual Studio Version 16
VisualStudioVersion = 16.0.31205.134
MinimumVisualStudioVersion = 10.0.40219.1
Project("{FAE04EC0-301F-11D3-BF4B-00C04F79EFBC}") = "Platformer", "Platformer\Platformer.csproj", "{8097D3B5-6AC6-4CDF-82C0-6C98D0134FAE}"
EndProject
Project("{2150E333-8FDC-42A3-9474-1A3956D46DE8}") = "Solution Items", "Solution Items", "{634FC184-CEC5-40A4-A79D-7352E868EABE}"
EndProject
Global
	GlobalSection(SolutionConfigurationPlatforms) = preSolution
		Debug|Any CPU = Debug|Any CPU
		Release|Any CPU = Release|Any CPU
	EndGlobalSection
	GlobalSection(ProjectConfigurationPlatforms) = postSolution
		{8097D3B5-6AC6-4CDF-82C0-6C98D0134FAE}.Debug|Any CPU.ActiveCfg = Debug|Any CPU
		{8097D3B5-6AC6-4CDF-82C0-6C98D0134FAE}.Debug|Any CPU.Build.0 = Debug|Any CPU
		{8097D3B5-6AC6-4CDF-82C0-6C98D0134FAE}.Release|Any CPU.ActiveCfg = Release|Any CPU
		{8097D3B5-6AC6-4CDF-82C0-6C98D0134FAE}.Release|Any CPU.Build.0 = Release|Any CPU
	EndGlobalSection
	GlobalSection(SolutionProperties) = preSolution
		HideSolutionNode = FALSE
	EndGlobalSection
	GlobalSection(ExtensibilityGlobals) = postSolution
		SolutionGuid = {85CD762F-4423-47F8-99CA-3D55EFBEBAAE}
	EndGlobalSection
EndGlobal
